
Microsoft Visual Studio Solution File, Format Version 12.00
# Visual Studio Version 17
VisualStudioVersion = 17.9.34622.214
MinimumVisualStudioVersion = 10.0.40219.1
Project("{8BC9CEB8-8B4A-11D0-8D11-00A0C91BC942}") = "App", "src\App\App.vcxproj", "{BC01CED1-7866-43E4-B85B-18D61D936FA2}"
	ProjectSection(ProjectDependencies) = postProject
		{22905F49-BAF0-4255-A4E0-1960C92FCD01} = {22905F49-BAF0-4255-A4E0-1960C92FCD01}
		{8BFA5632-4D24-4C76-A086-40EDAFB1510E} = {8BFA5632-4D24-4C76-A086-40EDAFB1510E}
	EndProjectSection
EndProject
Project("{8BC9CEB8-8B4A-11D0-8D11-00A0C91BC942}") = "MGPU_Lib", "src\MGPU_Lib\MGPU_Lib.vcxproj", "{8BFA5632-4D24-4C76-A086-40EDAFB1510E}"
EndProject
Project("{8BC9CEB8-8B4A-11D0-8D11-00A0C91BC942}") = "MRender_Lib", "src\MRender_Lib\MRender_Lib.vcxproj", "{22905F49-BAF0-4255-A4E0-1960C92FCD01}"
EndProject
Project("{8BC9CEB8-8B4A-11D0-8D11-00A0C91BC942}") = "VulkanTest", "src\VulkanTest\VulkanTest.vcxproj", "{AC974E32-09AA-45C8-890F-BBE9D85DE7A1}"
EndProject
Global
	GlobalSection(SolutionConfigurationPlatforms) = preSolution
		Debug|x64 = Debug|x64
		Debug|x86 = Debug|x86
		Release|x64 = Release|x64
		Release|x86 = Release|x86
	EndGlobalSection
	GlobalSection(ProjectConfigurationPlatforms) = postSolution
		{BC01CED1-7866-43E4-B85B-18D61D936FA2}.Debug|x64.ActiveCfg = Debug|x64
		{BC01CED1-7866-43E4-B85B-18D61D936FA2}.Debug|x64.Build.0 = Debug|x64
		{BC01CED1-7866-43E4-B85B-18D61D936FA2}.Debug|x86.ActiveCfg = Debug|Win32
		{BC01CED1-7866-43E4-B85B-18D61D936FA2}.Debug|x86.Build.0 = Debug|Win32
		{BC01CED1-7866-43E4-B85B-18D61D936FA2}.Release|x64.ActiveCfg = Release|x64
		{BC01CED1-7866-43E4-B85B-18D61D936FA2}.Release|x64.Build.0 = Release|x64
		{BC01CED1-7866-43E4-B85B-18D61D936FA2}.Release|x86.ActiveCfg = Release|Win32
		{BC01CED1-7866-43E4-B85B-18D61D936FA2}.Release|x86.Build.0 = Release|Win32
		{8BFA5632-4D24-4C76-A086-40EDAFB1510E}.Debug|x64.ActiveCfg = Debug|x64
		{8BFA5632-4D24-4C76-A086-40EDAFB1510E}.Debug|x64.Build.0 = Debug|x64
		{8BFA5632-4D24-4C76-A086-40EDAFB1510E}.Debug|x86.ActiveCfg = Debug|x64
		{8BFA5632-4D24-4C76-A086-40EDAFB1510E}.Debug|x86.Build.0 = Debug|x64
		{8BFA5632-4D24-4C76-A086-40EDAFB1510E}.Release|x64.ActiveCfg = Release|x64
		{8BFA5632-4D24-4C76-A086-40EDAFB1510E}.Release|x64.Build.0 = Release|x64
		{8BFA5632-4D24-4C76-A086-40EDAFB1510E}.Release|x86.ActiveCfg = Release|x64
		{8BFA5632-4D24-4C76-A086-40EDAFB1510E}.Release|x86.Build.0 = Release|x64
		{22905F49-BAF0-4255-A4E0-1960C92FCD01}.Debug|x64.ActiveCfg = Debug|x64
		{22905F49-BAF0-4255-A4E0-1960C92FCD01}.Debug|x64.Build.0 = Debug|x64
		{22905F49-BAF0-4255-A4E0-1960C92FCD01}.Debug|x86.ActiveCfg = Debug|Win32
		{22905F49-BAF0-4255-A4E0-1960C92FCD01}.Debug|x86.Build.0 = Debug|Win32
		{22905F49-BAF0-4255-A4E0-1960C92FCD01}.Release|x64.ActiveCfg = Release|x64
		{22905F49-BAF0-4255-A4E0-1960C92FCD01}.Release|x64.Build.0 = Release|x64
		{22905F49-BAF0-4255-A4E0-1960C92FCD01}.Release|x86.ActiveCfg = Release|Win32
		{22905F49-BAF0-4255-A4E0-1960C92FCD01}.Release|x86.Build.0 = Release|Win32
		{AC974E32-09AA-45C8-890F-BBE9D85DE7A1}.Debug|x64.ActiveCfg = Debug|x64
		{AC974E32-09AA-45C8-890F-BBE9D85DE7A1}.Debug|x64.Build.0 = Debug|x64
		{AC974E32-09AA-45C8-890F-BBE9D85DE7A1}.Debug|x86.ActiveCfg = Debug|Win32
		{AC974E32-09AA-45C8-890F-BBE9D85DE7A1}.Debug|x86.Build.0 = Debug|Win32
		{AC974E32-09AA-45C8-890F-BBE9D85DE7A1}.Release|x64.ActiveCfg = Release|x64
		{AC974E32-09AA-45C8-890F-BBE9D85DE7A1}.Release|x64.Build.0 = Release|x64
		{AC974E32-09AA-45C8-890F-BBE9D85DE7A1}.Release|x86.ActiveCfg = Release|Win32
		{AC974E32-09AA-45C8-890F-BBE9D85DE7A1}.Release|x86.Build.0 = Release|Win32
	EndGlobalSection
	GlobalSection(SolutionProperties) = preSolution
		HideSolutionNode = FALSE
	EndGlobalSection
	GlobalSection(ExtensibilityGlobals) = postSolution
		SolutionGuid = {699E2F25-4252-4F88-9F3E-9A4628E08E9D}
	EndGlobalSection
EndGlobal
