<?xml version="1.0" encoding="utf-8"?>
<Project ToolsVersion="4.0" xmlns="http://schemas.microsoft.com/developer/msbuild/2003">
  <ItemGroup>
    <Filter Include=".generate">
      <UniqueIdentifier>{e123cba0-f068-4b9e-9a67-8e4bcf4b97ff}</UniqueIdentifier>
    </Filter>
    <Filter Include="System">
      <UniqueIdentifier>{fa7bca3b-d5e8-4376-8166-a24950cb018c}</UniqueIdentifier>
    </Filter>
  </ItemGroup>
  <ItemGroup>
    <ClInclude Include="HeaderPre.h">
      <Filter>.generate</Filter>
    </ClInclude>
    <ClInclude Include="HeaderPost.h">
      <Filter>.generate</Filter>
    </ClInclude>
    <ClInclude Include="stdafx.h">
      <Filter>.generate</Filter>
    </ClInclude>
    <ClInclude Include="MPSSystem.h" />
    <ClInclude Include="MPSSystemEventHandler.h" />
  </ItemGroup>
  <ItemGroup>
    <ClCompile Include="stdafx.cpp">
      <Filter>.generate</Filter>
    </ClCompile>
    <ClCompile Include="MPSSystem.cpp" />
    <ClCompile Include="MPSSystemEventHandler.cpp" />
  </ItemGroup>
</Project>