<?xml version="1.0" encoding="utf-8"?>
<Project ToolsVersion="4.0" xmlns="http://schemas.microsoft.com/developer/msbuild/2003">
  <ItemGroup>
    <Filter Include=".generate">
      <UniqueIdentifier>{c2cb9a87-5aa6-45ba-9f55-d880176bfa1c}</UniqueIdentifier>
    </Filter>
    <Filter Include="Base">
      <UniqueIdentifier>{e86d0321-3a18-4ce5-a79d-9d7afb7a4f88}</UniqueIdentifier>
    </Filter>
    <Filter Include="Buffer">
      <UniqueIdentifier>{2187575d-38f1-4ed6-8e16-f0da71812b11}</UniqueIdentifier>
    </Filter>
    <Filter Include="Buffer\GL">
      <UniqueIdentifier>{72ac7356-fbfb-4947-af9d-3bd50174e04c}</UniqueIdentifier>
    </Filter>
    <Filter Include="Buffer\CUDA">
      <UniqueIdentifier>{bc2d6b89-2ab4-47b4-b234-a0a8d1bc7821}</UniqueIdentifier>
    </Filter>
    <Filter Include="Helper">
      <UniqueIdentifier>{026ca911-2efb-426b-ab5c-82c23cdb2054}</UniqueIdentifier>
    </Filter>
    <Filter Include="Program">
      <UniqueIdentifier>{4564ccd1-bad5-4327-8b76-c479cad363a4}</UniqueIdentifier>
    </Filter>
  </ItemGroup>
  <ItemGroup>
    <ClInclude Include="HeaderPre.h">
      <Filter>.generate</Filter>
    </ClInclude>
    <ClInclude Include="HeaderPost.h">
      <Filter>.generate</Filter>
    </ClInclude>
    <ClInclude Include="stdafx.h">
      <Filter>.generate</Filter>
    </ClInclude>
    <ClInclude Include="MGLProgram.h">
      <Filter>Program</Filter>
    </ClInclude>
    <ClInclude Include="MGLShader.h">
      <Filter>Program</Filter>
    </ClInclude>
    <ClInclude Include="MCUDAHelper.cuh">
      <Filter>Helper</Filter>
    </ClInclude>
    <ClInclude Include="MCUDAHelper.h">
      <Filter>Helper</Filter>
    </ClInclude>
    <ClInclude Include="MDismantler.h">
      <Filter>Base</Filter>
    </ClInclude>
    <ClInclude Include="MEventPack.h">
      <Filter>Base</Filter>
    </ClInclude>
    <ClInclude Include="MTimer.h">
      <Filter>Base</Filter>
    </ClInclude>
    <ClInclude Include="MGLBuffer.h">
      <Filter>Buffer\GL</Filter>
    </ClInclude>
    <ClInclude Include="MCUDAGLBuffer.h">
      <Filter>Buffer\CUDA</Filter>
    </ClInclude>
    <ClInclude Include="MGLVertexArray.h">
      <Filter>Buffer\GL</Filter>
    </ClInclude>
  </ItemGroup>
  <ItemGroup>
    <ClCompile Include="stdafx.cpp">
      <Filter>.generate</Filter>
    </ClCompile>
    <ClCompile Include="MGLProgram.cpp">
      <Filter>Program</Filter>
    </ClCompile>
    <ClCompile Include="MGLShader.cpp">
      <Filter>Program</Filter>
    </ClCompile>
    <ClCompile Include="MGLVertexArray.cpp">
      <Filter>Buffer\GL</Filter>
    </ClCompile>
  </ItemGroup>
  <ItemGroup>
    <None Include="MGLBuffer.inl">
      <Filter>Buffer\GL</Filter>
    </None>
    <None Include="MCUDAGLBuffer.inl">
      <Filter>Buffer\CUDA</Filter>
    </None>
  </ItemGroup>
</Project>