<?xml version="1.0" encoding="utf-8"?>
<Project ToolsVersion="4.0" xmlns="http://schemas.microsoft.com/developer/msbuild/2003">
  <ItemGroup>
    <Filter Include=".generate">
      <UniqueIdentifier>{24a28600-6810-4b6c-a222-232e1e203b4d}</UniqueIdentifier>
    </Filter>
    <Filter Include="Advect">
      <UniqueIdentifier>{5242ad64-0ac1-448f-b72d-9b53a6b66402}</UniqueIdentifier>
    </Filter>
    <Filter Include="SPH">
      <UniqueIdentifier>{0f4d3c0a-79f2-4ccd-81c9-151930972760}</UniqueIdentifier>
    </Filter>
    <Filter Include="Mesh">
      <UniqueIdentifier>{ac013fa1-bcee-40f4-a3f3-b1811b3d5a1d}</UniqueIdentifier>
    </Filter>
  </ItemGroup>
  <ItemGroup>
    <ClInclude Include="HeaderPost.h">
      <Filter>.generate</Filter>
    </ClInclude>
    <ClInclude Include="HeaderPre.h">
      <Filter>.generate</Filter>
    </ClInclude>
    <ClInclude Include="stdafx.h">
      <Filter>.generate</Filter>
    </ClInclude>
    <ClInclude Include="AdvectUtil.h">
      <Filter>Advect</Filter>
    </ClInclude>
    <ClInclude Include="AdvectUtil.cuh">
      <Filter>Advect</Filter>
    </ClInclude>
    <ClInclude Include="SPHUtil.h">
      <Filter>SPH</Filter>
    </ClInclude>
    <ClInclude Include="SPHUtil.cuh">
      <Filter>SPH</Filter>
    </ClInclude>
    <ClInclude Include="SPHKernel.cuh">
      <Filter>SPH</Filter>
    </ClInclude>
    <ClInclude Include="MPSParticleSamplingUtil.h">
      <Filter>Mesh</Filter>
    </ClInclude>
    <ClInclude Include="MPSParticleSamplingUtil.cuh">
      <Filter>Mesh</Filter>
    </ClInclude>
  </ItemGroup>
  <ItemGroup>
    <ClCompile Include="stdafx.cpp">
      <Filter>.generate</Filter>
    </ClCompile>
  </ItemGroup>
  <ItemGroup>
    <CudaCompile Include="AdvectUtil.cu">
      <Filter>Advect</Filter>
    </CudaCompile>
    <CudaCompile Include="SPHUtil.cu">
      <Filter>SPH</Filter>
    </CudaCompile>
    <CudaCompile Include="MPSParticleSamplingUtil.cu">
      <Filter>Mesh</Filter>
    </CudaCompile>
  </ItemGroup>
</Project>